
Microsoft Visual Studio Solution File, Format Version 12.00
# Visual Studio Version 17
VisualStudioVersion = 17.9.34622.214
MinimumVisualStudioVersion = 10.0.40219.1
Project("{FAE04EC0-301F-11D3-BF4B-00C04F79EFBC}") = "BLUPESCASTORE", "BLUPESCASTORE\BLUPESCASTORE.csproj", "{A5F6CE4A-2F39-4001-A3F7-21DA29F67F14}"
EndProject
Global
	GlobalSection(SolutionConfigurationPlatforms) = preSolution
		Debug|Any CPU = Debug|Any CPU
		Release|Any CPU = Release|Any CPU
	EndGlobalSection
	GlobalSection(ProjectConfigurationPlatforms) = postSolution
		{A5F6CE4A-2F39-4001-A3F7-21DA29F67F14}.Debug|Any CPU.ActiveCfg = Debug|Any CPU
		{A5F6CE4A-2F39-4001-A3F7-21DA29F67F14}.Debug|Any CPU.Build.0 = Debug|Any CPU
		{A5F6CE4A-2F39-4001-A3F7-21DA29F67F14}.Release|Any CPU.ActiveCfg = Release|Any CPU
		{A5F6CE4A-2F39-4001-A3F7-21DA29F67F14}.Release|Any CPU.Build.0 = Release|Any CPU
	EndGlobalSection
	GlobalSection(SolutionProperties) = preSolution
		HideSolutionNode = FALSE
	EndGlobalSection
	GlobalSection(ExtensibilityGlobals) = postSolution
		SolutionGuid = {4FA63A1B-8E59-4940-8622-043117D0D6CD}
	EndGlobalSection
EndGlobal
